# THIS IS AN AUTOGENERATED FILE. DO NOT EDIT THIS FILE DIRECTLY.
# yarn lockfile v1


ideal-image-slider@^1.5.1:
  version "1.5.1"
  resolved "https://registry.yarnpkg.com/ideal-image-slider/-/ideal-image-slider-1.5.1.tgz#27962f567f5466fe3296a1dac8d386e54fe61560"
  integrity sha1-J5YvVn9UZv4ylqHayNOG5U/mFWA=
